
Microsoft Visual Studio Solution File, Format Version 12.00
# Visual Studio Version 16
VisualStudioVersion = 16.0.31911.196
MinimumVisualStudioVersion = 10.0.40219.1
Project("{FAE04EC0-301F-11D3-BF4B-00C04F79EFBC}") = "02. Garden", "02. Garden\02. Garden.csproj", "{D5CBCB91-412B-4C1C-AB7D-88A8ADA5FD22}"
EndProject
Global
	GlobalSection(SolutionConfigurationPlatforms) = preSolution
		Debug|Any CPU = Debug|Any CPU
		Release|Any CPU = Release|Any CPU
	EndGlobalSection
	GlobalSection(ProjectConfigurationPlatforms) = postSolution
		{D5CBCB91-412B-4C1C-AB7D-88A8ADA5FD22}.Debug|Any CPU.ActiveCfg = Debug|Any CPU
		{D5CBCB91-412B-4C1C-AB7D-88A8ADA5FD22}.Debug|Any CPU.Build.0 = Debug|Any CPU
		{D5CBCB91-412B-4C1C-AB7D-88A8ADA5FD22}.Release|Any CPU.ActiveCfg = Release|Any CPU
		{D5CBCB91-412B-4C1C-AB7D-88A8ADA5FD22}.Release|Any CPU.Build.0 = Release|Any CPU
	EndGlobalSection
	GlobalSection(SolutionProperties) = preSolution
		HideSolutionNode = FALSE
	EndGlobalSection
	GlobalSection(ExtensibilityGlobals) = postSolution
		SolutionGuid = {4323FE42-3367-4E27-8E28-F628AED9F941}
	EndGlobalSection
EndGlobal
