
Microsoft Visual Studio Solution File, Format Version 12.00
# Visual Studio Version 16
VisualStudioVersion = 16.0.31624.102
MinimumVisualStudioVersion = 10.0.40219.1
Project("{FAE04EC0-301F-11D3-BF4B-00C04F79EFBC}") = "02. Basic Queue Operations", "02. Basic Queue Operations\02. Basic Queue Operations.csproj", "{9F84E5E9-8AB1-4464-8ECC-92F30851B488}"
EndProject
Project("{FAE04EC0-301F-11D3-BF4B-00C04F79EFBC}") = "03. Maximum and Minimum Element", "..\03. Maximum and Minimum Element\03. Maximum and Minimum Element.csproj", "{55329F70-0DB2-4DE6-AD93-11B908F2868C}"
EndProject
Project("{9A19103F-16F7-4668-BE54-9A1E7A4F7556}") = "01. Basic Stack Operations", "..\01. Basic Stack Operations\01. Basic Stack Operations\01. Basic Stack Operations.csproj", "{71ED94CB-0CB7-4EFF-875E-75D71F13362E}"
EndProject
Global
	GlobalSection(SolutionConfigurationPlatforms) = preSolution
		Debug|Any CPU = Debug|Any CPU
		Release|Any CPU = Release|Any CPU
	EndGlobalSection
	GlobalSection(ProjectConfigurationPlatforms) = postSolution
		{9F84E5E9-8AB1-4464-8ECC-92F30851B488}.Debug|Any CPU.ActiveCfg = Debug|Any CPU
		{9F84E5E9-8AB1-4464-8ECC-92F30851B488}.Debug|Any CPU.Build.0 = Debug|Any CPU
		{9F84E5E9-8AB1-4464-8ECC-92F30851B488}.Release|Any CPU.ActiveCfg = Release|Any CPU
		{9F84E5E9-8AB1-4464-8ECC-92F30851B488}.Release|Any CPU.Build.0 = Release|Any CPU
		{55329F70-0DB2-4DE6-AD93-11B908F2868C}.Debug|Any CPU.ActiveCfg = Debug|Any CPU
		{55329F70-0DB2-4DE6-AD93-11B908F2868C}.Debug|Any CPU.Build.0 = Debug|Any CPU
		{55329F70-0DB2-4DE6-AD93-11B908F2868C}.Release|Any CPU.ActiveCfg = Release|Any CPU
		{55329F70-0DB2-4DE6-AD93-11B908F2868C}.Release|Any CPU.Build.0 = Release|Any CPU
		{71ED94CB-0CB7-4EFF-875E-75D71F13362E}.Debug|Any CPU.ActiveCfg = Debug|Any CPU
		{71ED94CB-0CB7-4EFF-875E-75D71F13362E}.Debug|Any CPU.Build.0 = Debug|Any CPU
		{71ED94CB-0CB7-4EFF-875E-75D71F13362E}.Release|Any CPU.ActiveCfg = Release|Any CPU
		{71ED94CB-0CB7-4EFF-875E-75D71F13362E}.Release|Any CPU.Build.0 = Release|Any CPU
	EndGlobalSection
	GlobalSection(SolutionProperties) = preSolution
		HideSolutionNode = FALSE
	EndGlobalSection
	GlobalSection(ExtensibilityGlobals) = postSolution
		SolutionGuid = {0CC6FF6E-5A58-4E74-BC71-936F9C6E97B0}
	EndGlobalSection
EndGlobal
