
Microsoft Visual Studio Solution File, Format Version 12.00
# Visual Studio Version 16
VisualStudioVersion = 16.0.31911.196
MinimumVisualStudioVersion = 10.0.40219.1
Project("{9A19103F-16F7-4668-BE54-9A1E7A4F7556}") = "ClassroomProject", "ClassroomProject.csproj", "{367C783F-8E9A-4471-8B59-E91D007BE7BB}"
EndProject
Global
	GlobalSection(SolutionConfigurationPlatforms) = preSolution
		Debug|Any CPU = Debug|Any CPU
		Release|Any CPU = Release|Any CPU
	EndGlobalSection
	GlobalSection(ProjectConfigurationPlatforms) = postSolution
		{367C783F-8E9A-4471-8B59-E91D007BE7BB}.Debug|Any CPU.ActiveCfg = Debug|Any CPU
		{367C783F-8E9A-4471-8B59-E91D007BE7BB}.Debug|Any CPU.Build.0 = Debug|Any CPU
		{367C783F-8E9A-4471-8B59-E91D007BE7BB}.Release|Any CPU.ActiveCfg = Release|Any CPU
		{367C783F-8E9A-4471-8B59-E91D007BE7BB}.Release|Any CPU.Build.0 = Release|Any CPU
	EndGlobalSection
	GlobalSection(SolutionProperties) = preSolution
		HideSolutionNode = FALSE
	EndGlobalSection
	GlobalSection(ExtensibilityGlobals) = postSolution
		SolutionGuid = {584A670C-AB89-47EC-8065-68D3C1035348}
	EndGlobalSection
EndGlobal
