
Microsoft Visual Studio Solution File, Format Version 12.00
# Visual Studio Version 16
VisualStudioVersion = 16.0.31911.196
MinimumVisualStudioVersion = 10.0.40219.1
Project("{FAE04EC0-301F-11D3-BF4B-00C04F79EFBC}") = "1.Lootbox", "1.Lootbox\1.Lootbox.csproj", "{42E498DB-DCCE-4A53-A4DC-B9350E865FB3}"
EndProject
Global
	GlobalSection(SolutionConfigurationPlatforms) = preSolution
		Debug|Any CPU = Debug|Any CPU
		Release|Any CPU = Release|Any CPU
	EndGlobalSection
	GlobalSection(ProjectConfigurationPlatforms) = postSolution
		{42E498DB-DCCE-4A53-A4DC-B9350E865FB3}.Debug|Any CPU.ActiveCfg = Debug|Any CPU
		{42E498DB-DCCE-4A53-A4DC-B9350E865FB3}.Debug|Any CPU.Build.0 = Debug|Any CPU
		{42E498DB-DCCE-4A53-A4DC-B9350E865FB3}.Release|Any CPU.ActiveCfg = Release|Any CPU
		{42E498DB-DCCE-4A53-A4DC-B9350E865FB3}.Release|Any CPU.Build.0 = Release|Any CPU
	EndGlobalSection
	GlobalSection(SolutionProperties) = preSolution
		HideSolutionNode = FALSE
	EndGlobalSection
	GlobalSection(ExtensibilityGlobals) = postSolution
		SolutionGuid = {79359579-2CE4-438F-8DDE-356FDBFB5310}
	EndGlobalSection
EndGlobal
