
Microsoft Visual Studio Solution File, Format Version 12.00
# Visual Studio Version 16
VisualStudioVersion = 16.0.32002.261
MinimumVisualStudioVersion = 10.0.40219.1
Project("{FAE04EC0-301F-11D3-BF4B-00C04F79EFBC}") = "ADO.NET", "ADO.NET\ADO.NET.csproj", "{AB1B325E-C36A-455E-8F23-3E05845EFF95}"
EndProject
Global
	GlobalSection(SolutionConfigurationPlatforms) = preSolution
		Debug|Any CPU = Debug|Any CPU
		Release|Any CPU = Release|Any CPU
	EndGlobalSection
	GlobalSection(ProjectConfigurationPlatforms) = postSolution
		{AB1B325E-C36A-455E-8F23-3E05845EFF95}.Debug|Any CPU.ActiveCfg = Debug|Any CPU
		{AB1B325E-C36A-455E-8F23-3E05845EFF95}.Debug|Any CPU.Build.0 = Debug|Any CPU
		{AB1B325E-C36A-455E-8F23-3E05845EFF95}.Release|Any CPU.ActiveCfg = Release|Any CPU
		{AB1B325E-C36A-455E-8F23-3E05845EFF95}.Release|Any CPU.Build.0 = Release|Any CPU
	EndGlobalSection
	GlobalSection(SolutionProperties) = preSolution
		HideSolutionNode = FALSE
	EndGlobalSection
	GlobalSection(ExtensibilityGlobals) = postSolution
		SolutionGuid = {A8ECF1EE-FFE7-4563-AE91-D9E98DA87384}
	EndGlobalSection
EndGlobal
