
Microsoft Visual Studio Solution File, Format Version 12.00
# Visual Studio Version 16
VisualStudioVersion = 16.0.31624.102
MinimumVisualStudioVersion = 10.0.40219.1
Project("{FAE04EC0-301F-11D3-BF4B-00C04F79EFBC}") = "FootballTeamGenerator", "FootballTeamGenerator\FootballTeamGenerator.csproj", "{5ED1EA4B-2585-450F-9D12-1C9339D0F0FA}"
EndProject
Global
	GlobalSection(SolutionConfigurationPlatforms) = preSolution
		Debug|Any CPU = Debug|Any CPU
		Release|Any CPU = Release|Any CPU
	EndGlobalSection
	GlobalSection(ProjectConfigurationPlatforms) = postSolution
		{5ED1EA4B-2585-450F-9D12-1C9339D0F0FA}.Debug|Any CPU.ActiveCfg = Debug|Any CPU
		{5ED1EA4B-2585-450F-9D12-1C9339D0F0FA}.Debug|Any CPU.Build.0 = Debug|Any CPU
		{5ED1EA4B-2585-450F-9D12-1C9339D0F0FA}.Release|Any CPU.ActiveCfg = Release|Any CPU
		{5ED1EA4B-2585-450F-9D12-1C9339D0F0FA}.Release|Any CPU.Build.0 = Release|Any CPU
	EndGlobalSection
	GlobalSection(SolutionProperties) = preSolution
		HideSolutionNode = FALSE
	EndGlobalSection
	GlobalSection(ExtensibilityGlobals) = postSolution
		SolutionGuid = {8A753F93-3BA2-4E19-B28B-1310882E9B70}
	EndGlobalSection
EndGlobal
