
Microsoft Visual Studio Solution File, Format Version 12.00
# Visual Studio Version 16
VisualStudioVersion = 16.0.31613.86
MinimumVisualStudioVersion = 10.0.40219.1
Project("{FAE04EC0-301F-11D3-BF4B-00C04F79EFBC}") = "01. Student Information", "01. Student Information\01. Student Information.csproj", "{216CA318-B91B-4284-8B8E-44E29142CDF7}"
EndProject
Project("{FAE04EC0-301F-11D3-BF4B-00C04F79EFBC}") = "02. Passed", "02. Passed\02. Passed.csproj", "{61541ED5-331B-4F4A-8E02-A6114EFC1B0B}"
EndProject
Project("{FAE04EC0-301F-11D3-BF4B-00C04F79EFBC}") = "03. Passed or Failed", "03. Passed or Failed\03. Passed or Failed.csproj", "{3ABFBECE-614D-4EB7-93AF-50FC06AE9C66}"
EndProject
Project("{FAE04EC0-301F-11D3-BF4B-00C04F79EFBC}") = "04. Back In 30 Minutes", "04. Back In 30 Minutes\04. Back In 30 Minutes.csproj", "{23464F8B-1ED9-4BE3-930D-419C777CD801}"
EndProject
Project("{FAE04EC0-301F-11D3-BF4B-00C04F79EFBC}") = "05. Month Printer", "05. Month Printer\05. Month Printer.csproj", "{92D953B5-4770-418A-85A2-6723A4E85A18}"
EndProject
Project("{FAE04EC0-301F-11D3-BF4B-00C04F79EFBC}") = "06. Foreign Languages", "06. Foreign Languages\06. Foreign Languages.csproj", "{A5C47E15-B9C1-45B0-8420-5DC8C9B77060}"
EndProject
Project("{FAE04EC0-301F-11D3-BF4B-00C04F79EFBC}") = "07. Theatre Promotion", "07. Theatre Promotion\07. Theatre Promotion.csproj", "{BC6A9CB3-F256-48AE-9092-7642257E8955}"
EndProject
Global
	GlobalSection(SolutionConfigurationPlatforms) = preSolution
		Debug|Any CPU = Debug|Any CPU
		Release|Any CPU = Release|Any CPU
	EndGlobalSection
	GlobalSection(ProjectConfigurationPlatforms) = postSolution
		{216CA318-B91B-4284-8B8E-44E29142CDF7}.Debug|Any CPU.ActiveCfg = Debug|Any CPU
		{216CA318-B91B-4284-8B8E-44E29142CDF7}.Debug|Any CPU.Build.0 = Debug|Any CPU
		{216CA318-B91B-4284-8B8E-44E29142CDF7}.Release|Any CPU.ActiveCfg = Release|Any CPU
		{216CA318-B91B-4284-8B8E-44E29142CDF7}.Release|Any CPU.Build.0 = Release|Any CPU
		{61541ED5-331B-4F4A-8E02-A6114EFC1B0B}.Debug|Any CPU.ActiveCfg = Debug|Any CPU
		{61541ED5-331B-4F4A-8E02-A6114EFC1B0B}.Debug|Any CPU.Build.0 = Debug|Any CPU
		{61541ED5-331B-4F4A-8E02-A6114EFC1B0B}.Release|Any CPU.ActiveCfg = Release|Any CPU
		{61541ED5-331B-4F4A-8E02-A6114EFC1B0B}.Release|Any CPU.Build.0 = Release|Any CPU
		{3ABFBECE-614D-4EB7-93AF-50FC06AE9C66}.Debug|Any CPU.ActiveCfg = Debug|Any CPU
		{3ABFBECE-614D-4EB7-93AF-50FC06AE9C66}.Debug|Any CPU.Build.0 = Debug|Any CPU
		{3ABFBECE-614D-4EB7-93AF-50FC06AE9C66}.Release|Any CPU.ActiveCfg = Release|Any CPU
		{3ABFBECE-614D-4EB7-93AF-50FC06AE9C66}.Release|Any CPU.Build.0 = Release|Any CPU
		{23464F8B-1ED9-4BE3-930D-419C777CD801}.Debug|Any CPU.ActiveCfg = Debug|Any CPU
		{23464F8B-1ED9-4BE3-930D-419C777CD801}.Debug|Any CPU.Build.0 = Debug|Any CPU
		{23464F8B-1ED9-4BE3-930D-419C777CD801}.Release|Any CPU.ActiveCfg = Release|Any CPU
		{23464F8B-1ED9-4BE3-930D-419C777CD801}.Release|Any CPU.Build.0 = Release|Any CPU
		{92D953B5-4770-418A-85A2-6723A4E85A18}.Debug|Any CPU.ActiveCfg = Debug|Any CPU
		{92D953B5-4770-418A-85A2-6723A4E85A18}.Debug|Any CPU.Build.0 = Debug|Any CPU
		{92D953B5-4770-418A-85A2-6723A4E85A18}.Release|Any CPU.ActiveCfg = Release|Any CPU
		{92D953B5-4770-418A-85A2-6723A4E85A18}.Release|Any CPU.Build.0 = Release|Any CPU
		{A5C47E15-B9C1-45B0-8420-5DC8C9B77060}.Debug|Any CPU.ActiveCfg = Debug|Any CPU
		{A5C47E15-B9C1-45B0-8420-5DC8C9B77060}.Debug|Any CPU.Build.0 = Debug|Any CPU
		{A5C47E15-B9C1-45B0-8420-5DC8C9B77060}.Release|Any CPU.ActiveCfg = Release|Any CPU
		{A5C47E15-B9C1-45B0-8420-5DC8C9B77060}.Release|Any CPU.Build.0 = Release|Any CPU
		{BC6A9CB3-F256-48AE-9092-7642257E8955}.Debug|Any CPU.ActiveCfg = Debug|Any CPU
		{BC6A9CB3-F256-48AE-9092-7642257E8955}.Debug|Any CPU.Build.0 = Debug|Any CPU
		{BC6A9CB3-F256-48AE-9092-7642257E8955}.Release|Any CPU.ActiveCfg = Release|Any CPU
		{BC6A9CB3-F256-48AE-9092-7642257E8955}.Release|Any CPU.Build.0 = Release|Any CPU
	EndGlobalSection
	GlobalSection(SolutionProperties) = preSolution
		HideSolutionNode = FALSE
	EndGlobalSection
	GlobalSection(ExtensibilityGlobals) = postSolution
		SolutionGuid = {DDFA9749-F49E-4994-9D44-D4780BC21A20}
	EndGlobalSection
EndGlobal
