
Microsoft Visual Studio Solution File, Format Version 12.00
# Visual Studio Version 16
VisualStudioVersion = 16.0.31624.102
MinimumVisualStudioVersion = 10.0.40219.1
Project("{FAE04EC0-301F-11D3-BF4B-00C04F79EFBC}") = "1. Reverse Strings", "1. Reverse Strings\1. Reverse Strings.csproj", "{861D35CD-88DD-4407-9272-5EB5BA398F2D}"
EndProject
Global
	GlobalSection(SolutionConfigurationPlatforms) = preSolution
		Debug|Any CPU = Debug|Any CPU
		Release|Any CPU = Release|Any CPU
	EndGlobalSection
	GlobalSection(ProjectConfigurationPlatforms) = postSolution
		{861D35CD-88DD-4407-9272-5EB5BA398F2D}.Debug|Any CPU.ActiveCfg = Debug|Any CPU
		{861D35CD-88DD-4407-9272-5EB5BA398F2D}.Debug|Any CPU.Build.0 = Debug|Any CPU
		{861D35CD-88DD-4407-9272-5EB5BA398F2D}.Release|Any CPU.ActiveCfg = Release|Any CPU
		{861D35CD-88DD-4407-9272-5EB5BA398F2D}.Release|Any CPU.Build.0 = Release|Any CPU
	EndGlobalSection
	GlobalSection(SolutionProperties) = preSolution
		HideSolutionNode = FALSE
	EndGlobalSection
	GlobalSection(ExtensibilityGlobals) = postSolution
		SolutionGuid = {C9AD607A-F496-416C-A2E5-E28E019A8F21}
	EndGlobalSection
EndGlobal
