
Microsoft Visual Studio Solution File, Format Version 12.00
# Visual Studio Version 16
VisualStudioVersion = 16.0.31624.102
MinimumVisualStudioVersion = 10.0.40219.1
Project("{9A19103F-16F7-4668-BE54-9A1E7A4F7556}") = "SkiRental", "SkiRental.csproj", "{81451531-7F82-4FD8-9E2E-09045786D299}"
EndProject
Global
	GlobalSection(SolutionConfigurationPlatforms) = preSolution
		Debug|Any CPU = Debug|Any CPU
		Release|Any CPU = Release|Any CPU
	EndGlobalSection
	GlobalSection(ProjectConfigurationPlatforms) = postSolution
		{81451531-7F82-4FD8-9E2E-09045786D299}.Debug|Any CPU.ActiveCfg = Debug|Any CPU
		{81451531-7F82-4FD8-9E2E-09045786D299}.Debug|Any CPU.Build.0 = Debug|Any CPU
		{81451531-7F82-4FD8-9E2E-09045786D299}.Release|Any CPU.ActiveCfg = Release|Any CPU
		{81451531-7F82-4FD8-9E2E-09045786D299}.Release|Any CPU.Build.0 = Release|Any CPU
	EndGlobalSection
	GlobalSection(SolutionProperties) = preSolution
		HideSolutionNode = FALSE
	EndGlobalSection
	GlobalSection(ExtensibilityGlobals) = postSolution
		SolutionGuid = {E6D49F64-E235-41D5-B2F3-7A55C40575AD}
	EndGlobalSection
EndGlobal
