
Microsoft Visual Studio Solution File, Format Version 12.00
# Visual Studio Version 16
VisualStudioVersion = 16.0.31624.102
MinimumVisualStudioVersion = 10.0.40219.1
Project("{FAE04EC0-301F-11D3-BF4B-00C04F79EFBC}") = "ShoppingSpree", "ShoppingSpree\ShoppingSpree.csproj", "{4267B228-1F78-45A7-8F42-BB6D7928B771}"
EndProject
Global
	GlobalSection(SolutionConfigurationPlatforms) = preSolution
		Debug|Any CPU = Debug|Any CPU
		Release|Any CPU = Release|Any CPU
	EndGlobalSection
	GlobalSection(ProjectConfigurationPlatforms) = postSolution
		{4267B228-1F78-45A7-8F42-BB6D7928B771}.Debug|Any CPU.ActiveCfg = Debug|Any CPU
		{4267B228-1F78-45A7-8F42-BB6D7928B771}.Debug|Any CPU.Build.0 = Debug|Any CPU
		{4267B228-1F78-45A7-8F42-BB6D7928B771}.Release|Any CPU.ActiveCfg = Release|Any CPU
		{4267B228-1F78-45A7-8F42-BB6D7928B771}.Release|Any CPU.Build.0 = Release|Any CPU
	EndGlobalSection
	GlobalSection(SolutionProperties) = preSolution
		HideSolutionNode = FALSE
	EndGlobalSection
	GlobalSection(ExtensibilityGlobals) = postSolution
		SolutionGuid = {065AE761-4957-427B-B60A-016C557D7A32}
	EndGlobalSection
EndGlobal
