
Microsoft Visual Studio Solution File, Format Version 12.00
# Visual Studio Version 16
VisualStudioVersion = 16.0.31624.102
MinimumVisualStudioVersion = 10.0.40219.1
Project("{9A19103F-16F7-4668-BE54-9A1E7A4F7556}") = "SoftUniParking", "SoftUniParking.csproj", "{EB0DA4F8-2489-43F9-9C70-9EC47F0BB7D8}"
EndProject
Global
	GlobalSection(SolutionConfigurationPlatforms) = preSolution
		Debug|Any CPU = Debug|Any CPU
		Release|Any CPU = Release|Any CPU
	EndGlobalSection
	GlobalSection(ProjectConfigurationPlatforms) = postSolution
		{EB0DA4F8-2489-43F9-9C70-9EC47F0BB7D8}.Debug|Any CPU.ActiveCfg = Debug|Any CPU
		{EB0DA4F8-2489-43F9-9C70-9EC47F0BB7D8}.Debug|Any CPU.Build.0 = Debug|Any CPU
		{EB0DA4F8-2489-43F9-9C70-9EC47F0BB7D8}.Release|Any CPU.ActiveCfg = Release|Any CPU
		{EB0DA4F8-2489-43F9-9C70-9EC47F0BB7D8}.Release|Any CPU.Build.0 = Release|Any CPU
	EndGlobalSection
	GlobalSection(SolutionProperties) = preSolution
		HideSolutionNode = FALSE
	EndGlobalSection
	GlobalSection(ExtensibilityGlobals) = postSolution
		SolutionGuid = {38ED9D36-B1B7-4A5D-B930-2956F8E96D15}
	EndGlobalSection
EndGlobal
